
Microsoft Visual Studio Solution File, Format Version 12.00
# Visual Studio Version 17
VisualStudioVersion = 17.11.35312.102
MinimumVisualStudioVersion = 10.0.40219.1
Project("{FAE04EC0-301F-11D3-BF4B-00C04F79EFBC}") = "MauiAppMinhasCompras", "MauiAppMinhasCompras\MauiAppMinhasCompras.csproj", "{C8ECC81C-E8D0-4775-965F-FA5285E0E253}"
EndProject
Global
	GlobalSection(SolutionConfigurationPlatforms) = preSolution
		Debug|Any CPU = Debug|Any CPU
		Release|Any CPU = Release|Any CPU
	EndGlobalSection
	GlobalSection(ProjectConfigurationPlatforms) = postSolution
		{C8ECC81C-E8D0-4775-965F-FA5285E0E253}.Debug|Any CPU.ActiveCfg = Debug|Any CPU
		{C8ECC81C-E8D0-4775-965F-FA5285E0E253}.Debug|Any CPU.Build.0 = Debug|Any CPU
		{C8ECC81C-E8D0-4775-965F-FA5285E0E253}.Debug|Any CPU.Deploy.0 = Debug|Any CPU
		{C8ECC81C-E8D0-4775-965F-FA5285E0E253}.Release|Any CPU.ActiveCfg = Release|Any CPU
		{C8ECC81C-E8D0-4775-965F-FA5285E0E253}.Release|Any CPU.Build.0 = Release|Any CPU
		{C8ECC81C-E8D0-4775-965F-FA5285E0E253}.Release|Any CPU.Deploy.0 = Release|Any CPU
	EndGlobalSection
	GlobalSection(SolutionProperties) = preSolution
		HideSolutionNode = FALSE
	EndGlobalSection
	GlobalSection(ExtensibilityGlobals) = postSolution
		SolutionGuid = {E25AC962-3338-43A0-8D37-F64B69791DAE}
	EndGlobalSection
EndGlobal
